
Microsoft Visual Studio Solution File, Format Version 12.00
# Visual Studio Version 17
VisualStudioVersion = 17.0.32112.339
MinimumVisualStudioVersion = 10.0.40219.1
Project("{9A19103F-16F7-4668-BE54-9A1E7A4F7556}") = "EuDecorator", "EuDecorator\EuDecorator.csproj", "{03E6CB09-D5FA-4D5C-86BE-1F8C5F2AB24E}"
EndProject
Project("{2150E333-8FDC-42A3-9474-1A3956D46DE8}") = "Solution Items", "Solution Items", "{E27F8852-0B2C-4C55-9324-915C024F741B}"
	ProjectSection(SolutionItems) = preProject
		.gitignore = .gitignore
	EndProjectSection
EndProject
Project("{9A19103F-16F7-4668-BE54-9A1E7A4F7556}") = "Wallet.V2", "Wallet\Wallet.V2.csproj", "{BE22A336-3009-48A5-80EC-C15E6DA4A74E}"
EndProject
Global
	GlobalSection(SolutionConfigurationPlatforms) = preSolution
		Debug|Any CPU = Debug|Any CPU
		Release|Any CPU = Release|Any CPU
	EndGlobalSection
	GlobalSection(ProjectConfigurationPlatforms) = postSolution
		{03E6CB09-D5FA-4D5C-86BE-1F8C5F2AB24E}.Debug|Any CPU.ActiveCfg = Debug|Any CPU
		{03E6CB09-D5FA-4D5C-86BE-1F8C5F2AB24E}.Debug|Any CPU.Build.0 = Debug|Any CPU
		{03E6CB09-D5FA-4D5C-86BE-1F8C5F2AB24E}.Release|Any CPU.ActiveCfg = Release|Any CPU
		{03E6CB09-D5FA-4D5C-86BE-1F8C5F2AB24E}.Release|Any CPU.Build.0 = Release|Any CPU
		{BE22A336-3009-48A5-80EC-C15E6DA4A74E}.Debug|Any CPU.ActiveCfg = Debug|Any CPU
		{BE22A336-3009-48A5-80EC-C15E6DA4A74E}.Debug|Any CPU.Build.0 = Debug|Any CPU
		{BE22A336-3009-48A5-80EC-C15E6DA4A74E}.Release|Any CPU.ActiveCfg = Release|Any CPU
		{BE22A336-3009-48A5-80EC-C15E6DA4A74E}.Release|Any CPU.Build.0 = Release|Any CPU
	EndGlobalSection
	GlobalSection(SolutionProperties) = preSolution
		HideSolutionNode = FALSE
	EndGlobalSection
	GlobalSection(ExtensibilityGlobals) = postSolution
		SolutionGuid = {54155A03-2000-4E5F-903B-F1A8C43AD9CD}
	EndGlobalSection
EndGlobal
